
Microsoft Visual Studio Solution File, Format Version 12.00
# Visual Studio 15
VisualStudioVersion = 15.0.28307.168
MinimumVisualStudioVersion = 10.0.40219.1
Project("{FAE04EC0-301F-11D3-BF4B-00C04F79EFBC}") = "PhotoStudio", "PhotoStudio\PhotoStudio.csproj", "{117844A9-C2AE-4590-ACE2-68A7C5783C74}"
EndProject
Global
	GlobalSection(SolutionConfigurationPlatforms) = preSolution
		Debug|Any CPU = Debug|Any CPU
		Release|Any CPU = Release|Any CPU
	EndGlobalSection
	GlobalSection(ProjectConfigurationPlatforms) = postSolution
		{117844A9-C2AE-4590-ACE2-68A7C5783C74}.Debug|Any CPU.ActiveCfg = Debug|Any CPU
		{117844A9-C2AE-4590-ACE2-68A7C5783C74}.Debug|Any CPU.Build.0 = Debug|Any CPU
		{117844A9-C2AE-4590-ACE2-68A7C5783C74}.Release|Any CPU.ActiveCfg = Release|Any CPU
		{117844A9-C2AE-4590-ACE2-68A7C5783C74}.Release|Any CPU.Build.0 = Release|Any CPU
	EndGlobalSection
	GlobalSection(SolutionProperties) = preSolution
		HideSolutionNode = FALSE
	EndGlobalSection
	GlobalSection(ExtensibilityGlobals) = postSolution
		SolutionGuid = {2250E836-9C19-416E-AD83-13180D4A690A}
	EndGlobalSection
EndGlobal
